
Microsoft Visual Studio Solution File, Format Version 12.00
# Visual Studio Version 16
VisualStudioVersion = 16.0.34931.43
MinimumVisualStudioVersion = 10.0.40219.1
Project("{FAE04EC0-301F-11D3-BF4B-00C04F79EFBC}") = "WindowsFormsApp1", "WindowsFormsApp1\WindowsFormsApp1.csproj", "{1B2CCE27-8FC5-4CD3-8224-E2DD63F7FF30}"
EndProject
Project("{FAE04EC0-301F-11D3-BF4B-00C04F79EFBC}") = "Dominio", "Dominio\Dominio.csproj", "{8BD561D1-C761-4829-A1EA-0CE01CF534E1}"
EndProject
Project("{FAE04EC0-301F-11D3-BF4B-00C04F79EFBC}") = "Negocio", "Negocio\Negocio.csproj", "{FBF9F7B7-3E11-4465-96DF-0B0A9A760ADB}"
EndProject
Global
	GlobalSection(SolutionConfigurationPlatforms) = preSolution
		Debug|Any CPU = Debug|Any CPU
		Release|Any CPU = Release|Any CPU
	EndGlobalSection
	GlobalSection(ProjectConfigurationPlatforms) = postSolution
		{1B2CCE27-8FC5-4CD3-8224-E2DD63F7FF30}.Debug|Any CPU.ActiveCfg = Debug|Any CPU
		{1B2CCE27-8FC5-4CD3-8224-E2DD63F7FF30}.Debug|Any CPU.Build.0 = Debug|Any CPU
		{1B2CCE27-8FC5-4CD3-8224-E2DD63F7FF30}.Release|Any CPU.ActiveCfg = Release|Any CPU
		{1B2CCE27-8FC5-4CD3-8224-E2DD63F7FF30}.Release|Any CPU.Build.0 = Release|Any CPU
		{8BD561D1-C761-4829-A1EA-0CE01CF534E1}.Debug|Any CPU.ActiveCfg = Debug|Any CPU
		{8BD561D1-C761-4829-A1EA-0CE01CF534E1}.Debug|Any CPU.Build.0 = Debug|Any CPU
		{8BD561D1-C761-4829-A1EA-0CE01CF534E1}.Release|Any CPU.ActiveCfg = Release|Any CPU
		{8BD561D1-C761-4829-A1EA-0CE01CF534E1}.Release|Any CPU.Build.0 = Release|Any CPU
		{FBF9F7B7-3E11-4465-96DF-0B0A9A760ADB}.Debug|Any CPU.ActiveCfg = Debug|Any CPU
		{FBF9F7B7-3E11-4465-96DF-0B0A9A760ADB}.Debug|Any CPU.Build.0 = Debug|Any CPU
		{FBF9F7B7-3E11-4465-96DF-0B0A9A760ADB}.Release|Any CPU.ActiveCfg = Release|Any CPU
		{FBF9F7B7-3E11-4465-96DF-0B0A9A760ADB}.Release|Any CPU.Build.0 = Release|Any CPU
	EndGlobalSection
	GlobalSection(SolutionProperties) = preSolution
		HideSolutionNode = FALSE
	EndGlobalSection
	GlobalSection(ExtensibilityGlobals) = postSolution
		SolutionGuid = {142C6875-72F8-42F3-BB93-1A30B9DF9667}
	EndGlobalSection
EndGlobal
